// !$*UTF8*$!
{
	archiveVersion = 1;
	classes = {
	};
	objectVersion = 56;
	objects = {

/* Begin PBXBuildFile section */
		7E9A64D029104613009D3743 /* BeamCounterLVNativeApp.swift in Sources */ = {isa = PBXBuildFile; fileRef = 7E9A64CF29104613009D3743 /* BeamCounterLVNativeApp.swift */; };
		7E9A64D229104613009D3743 /* ContentView.swift in Sources */ = {isa = PBXBuildFile; fileRef = 7E9A64D129104613009D3743 /* ContentView.swift */; };
		7E9A64D429104614009D3743 /* Assets.xcassets in Resources */ = {isa = PBXBuildFile; fileRef = 7E9A64D329104614009D3743 /* Assets.xcassets */; };
		7E9A64D729104614009D3743 /* Preview Assets.xcassets in Resources */ = {isa = PBXBuildFile; fileRef = 7E9A64D629104614009D3743 /* Preview Assets.xcassets */; };
		7E9A64DF29104649009D3743 /* PhoenixLiveViewNative in Frameworks */ = {isa = PBXBuildFile; productRef = 7E9A64DE29104649009D3743 /* PhoenixLiveViewNative */; };
		7E9A64E1291046C7009D3743 /* Registry.swift in Sources */ = {isa = PBXBuildFile; fileRef = 7E9A64E0291046C7009D3743 /* Registry.swift */; };
		7E9A64E32910482D009D3743 /* BigButton.swift in Sources */ = {isa = PBXBuildFile; fileRef = 7E9A64E22910482D009D3743 /* BigButton.swift */; };
/* End PBXBuildFile section */

/* Begin PBXFileReference section */
		7E9A64CC29104613009D3743 /* BeamCounterLVNative.app */ = {isa = PBXFileReference; explicitFileType = wrapper.application; includeInIndex = 0; path = BeamCounterLVNative.app; sourceTree = BUILT_PRODUCTS_DIR; };
		7E9A64CF29104613009D3743 /* BeamCounterLVNativeApp.swift */ = {isa = PBXFileReference; lastKnownFileType = sourcecode.swift; path = BeamCounterLVNativeApp.swift; sourceTree = "<group>"; };
		7E9A64D129104613009D3743 /* ContentView.swift */ = {isa = PBXFileReference; lastKnownFileType = sourcecode.swift; path = ContentView.swift; sourceTree = "<group>"; };
		7E9A64D329104614009D3743 /* Assets.xcassets */ = {isa = PBXFileReference; lastKnownFileType = folder.assetcatalog; path = Assets.xcassets; sourceTree = "<group>"; };
		7E9A64D629104614009D3743 /* Preview Assets.xcassets */ = {isa = PBXFileReference; lastKnownFileType = folder.assetcatalog; path = "Preview Assets.xcassets"; sourceTree = "<group>"; };
		7E9A64E0291046C7009D3743 /* Registry.swift */ = {isa = PBXFileReference; lastKnownFileType = sourcecode.swift; path = Registry.swift; sourceTree = "<group>"; };
		7E9A64E22910482D009D3743 /* BigButton.swift */ = {isa = PBXFileReference; lastKnownFileType = sourcecode.swift; path = BigButton.swift; sourceTree = "<group>"; };
/* End PBXFileReference section */

/* Begin PBXFrameworksBuildPhase section */
		7E9A64C929104613009D3743 /* Frameworks */ = {
			isa = PBXFrameworksBuildPhase;
			buildActionMask = 2147483647;
			files = (
				7E9A64DF29104649009D3743 /* PhoenixLiveViewNative in Frameworks */,
			);
			runOnlyForDeploymentPostprocessing = 0;
		};
/* End PBXFrameworksBuildPhase section */

/* Begin PBXGroup section */
		7E9A64C329104613009D3743 = {
			isa = PBXGroup;
			children = (
				7E9A64CE29104613009D3743 /* BeamCounterLVNative */,
				7E9A64CD29104613009D3743 /* Products */,
			);
			sourceTree = "<group>";
		};
		7E9A64CD29104613009D3743 /* Products */ = {
			isa = PBXGroup;
			children = (
				7E9A64CC29104613009D3743 /* BeamCounterLVNative.app */,
			);
			name = Products;
			sourceTree = "<group>";
		};
		7E9A64CE29104613009D3743 /* BeamCounterLVNative */ = {
			isa = PBXGroup;
			children = (
				7E9A64CF29104613009D3743 /* BeamCounterLVNativeApp.swift */,
				7E9A64D129104613009D3743 /* ContentView.swift */,
				7E9A64E22910482D009D3743 /* BigButton.swift */,
				7E9A64E0291046C7009D3743 /* Registry.swift */,
				7E9A64D329104614009D3743 /* Assets.xcassets */,
				7E9A64D529104614009D3743 /* Preview Content */,
			);
			path = BeamCounterLVNative;
			sourceTree = "<group>";
		};
		7E9A64D529104614009D3743 /* Preview Content */ = {
			isa = PBXGroup;
			children = (
				7E9A64D629104614009D3743 /* Preview Assets.xcassets */,
			);
			path = "Preview Content";
			sourceTree = "<group>";
		};
/* End PBXGroup section */

/* Begin PBXNativeTarget section */
		7E9A64CB29104613009D3743 /* BeamCounterLVNative */ = {
			isa = PBXNativeTarget;
			buildConfigurationList = 7E9A64DA29104614009D3743 /* Build configuration list for PBXNativeTarget "BeamCounterLVNative" */;
			buildPhases = (
				7E9A64C829104613009D3743 /* Sources */,
				7E9A64C929104613009D3743 /* Frameworks */,
				7E9A64CA29104613009D3743 /* Resources */,
			);
			buildRules = (
			);
			dependencies = (
			);
			name = BeamCounterLVNative;
			packageProductDependencies = (
				7E9A64DE29104649009D3743 /* PhoenixLiveViewNative */,
			);
			productName = BeamCounterLVNative;
			productReference = 7E9A64CC29104613009D3743 /* BeamCounterLVNative.app */;
			productType = "com.apple.product-type.application";
		};
/* End PBXNativeTarget section */

/* Begin PBXProject section */
		7E9A64C429104613009D3743 /* Project object */ = {
			isa = PBXProject;
			attributes = {
				BuildIndependentTargetsInParallel = 1;
				LastSwiftUpdateCheck = 1400;
				LastUpgradeCheck = 1400;
				TargetAttributes = {
					7E9A64CB29104613009D3743 = {
						CreatedOnToolsVersion = 14.0.1;
					};
				};
			};
			buildConfigurationList = 7E9A64C729104613009D3743 /* Build configuration list for PBXProject "BeamCounterLVNative" */;
			compatibilityVersion = "Xcode 14.0";
			developmentRegion = en;
			hasScannedForEncodings = 0;
			knownRegions = (
				en,
				Base,
			);
			mainGroup = 7E9A64C329104613009D3743;
			packageReferences = (
				7E9A64DD29104649009D3743 /* XCRemoteSwiftPackageReference "liveview-client-swiftui" */,
			);
			productRefGroup = 7E9A64CD29104613009D3743 /* Products */;
			projectDirPath = "";
			projectRoot = "";
			targets = (
				7E9A64CB29104613009D3743 /* BeamCounterLVNative */,
			);
		};
/* End PBXProject section */

/* Begin PBXResourcesBuildPhase section */
		7E9A64CA29104613009D3743 /* Resources */ = {
			isa = PBXResourcesBuildPhase;
			buildActionMask = 2147483647;
			files = (
				7E9A64D729104614009D3743 /* Preview Assets.xcassets in Resources */,
				7E9A64D429104614009D3743 /* Assets.xcassets in Resources */,
			);
			runOnlyForDeploymentPostprocessing = 0;
		};
/* End PBXResourcesBuildPhase section */

/* Begin PBXSourcesBuildPhase section */
		7E9A64C829104613009D3743 /* Sources */ = {
			isa = PBXSourcesBuildPhase;
			buildActionMask = 2147483647;
			files = (
				7E9A64E32910482D009D3743 /* BigButton.swift in Sources */,
				7E9A64D229104613009D3743 /* ContentView.swift in Sources */,
				7E9A64D029104613009D3743 /* BeamCounterLVNativeApp.swift in Sources */,
				7E9A64E1291046C7009D3743 /* Registry.swift in Sources */,
			);
			runOnlyForDeploymentPostprocessing = 0;
		};
/* End PBXSourcesBuildPhase section */

/* Begin XCBuildConfiguration section */
		7E9A64D829104614009D3743 /* Debug */ = {
			isa = XCBuildConfiguration;
			buildSettings = {
				ALWAYS_SEARCH_USER_PATHS = NO;
				CLANG_ANALYZER_NONNULL = YES;
				CLANG_ANALYZER_NUMBER_OBJECT_CONVERSION = YES_AGGRESSIVE;
				CLANG_CXX_LANGUAGE_STANDARD = "gnu++20";
				CLANG_ENABLE_MODULES = YES;
				CLANG_ENABLE_OBJC_ARC = YES;
				CLANG_ENABLE_OBJC_WEAK = YES;
				CLANG_WARN_BLOCK_CAPTURE_AUTORELEASING = YES;
				CLANG_WARN_BOOL_CONVERSION = YES;
				CLANG_WARN_COMMA = YES;
				CLANG_WARN_CONSTANT_CONVERSION = YES;
				CLANG_WARN_DEPRECATED_OBJC_IMPLEMENTATIONS = YES;
				CLANG_WARN_DIRECT_OBJC_ISA_USAGE = YES_ERROR;
				CLANG_WARN_DOCUMENTATION_COMMENTS = YES;
				CLANG_WARN_EMPTY_BODY = YES;
				CLANG_WARN_ENUM_CONVERSION = YES;
				CLANG_WARN_INFINITE_RECURSION = YES;
				CLANG_WARN_INT_CONVERSION = YES;
				CLANG_WARN_NON_LITERAL_NULL_CONVERSION = YES;
				CLANG_WARN_OBJC_IMPLICIT_RETAIN_SELF = YES;
				CLANG_WARN_OBJC_LITERAL_CONVERSION = YES;
				CLANG_WARN_OBJC_ROOT_CLASS = YES_ERROR;
				CLANG_WARN_QUOTED_INCLUDE_IN_FRAMEWORK_HEADER = YES;
				CLANG_WARN_RANGE_LOOP_ANALYSIS = YES;
				CLANG_WARN_STRICT_PROTOTYPES = YES;
				CLANG_WARN_SUSPICIOUS_MOVE = YES;
				CLANG_WARN_UNGUARDED_AVAILABILITY = YES_AGGRESSIVE;
				CLANG_WARN_UNREACHABLE_CODE = YES;
				CLANG_WARN__DUPLICATE_METHOD_MATCH = YES;
				COPY_PHASE_STRIP = NO;
				DEBUG_INFORMATION_FORMAT = dwarf;
				ENABLE_STRICT_OBJC_MSGSEND = YES;
				ENABLE_TESTABILITY = YES;
				GCC_C_LANGUAGE_STANDARD = gnu11;
				GCC_DYNAMIC_NO_PIC = NO;
				GCC_NO_COMMON_BLOCKS = YES;
				GCC_OPTIMIZATION_LEVEL = 0;
				GCC_PREPROCESSOR_DEFINITIONS = (
					"DEBUG=1",
					"$(inherited)",
				);
				GCC_WARN_64_TO_32_BIT_CONVERSION = YES;
				GCC_WARN_ABOUT_RETURN_TYPE = YES_ERROR;
				GCC_WARN_UNDECLARED_SELECTOR = YES;
				GCC_WARN_UNINITIALIZED_AUTOS = YES_AGGRESSIVE;
				GCC_WARN_UNUSED_FUNCTION = YES;
				GCC_WARN_UNUSED_VARIABLE = YES;
				IPHONEOS_DEPLOYMENT_TARGET = 16.0;
				MTL_ENABLE_DEBUG_INFO = INCLUDE_SOURCE;
				MTL_FAST_MATH = YES;
				ONLY_ACTIVE_ARCH = YES;
				SDKROOT = iphoneos;
				SWIFT_ACTIVE_COMPILATION_CONDITIONS = DEBUG;
				SWIFT_OPTIMIZATION_LEVEL = "-Onone";
			};
			name = Debug;
		};
		7E9A64D929104614009D3743 /* Release */ = {
			isa = XCBuildConfiguration;
			buildSettings = {
				ALWAYS_SEARCH_USER_PATHS = NO;
				CLANG_ANALYZER_NONNULL = YES;
				CLANG_ANALYZER_NUMBER_OBJECT_CONVERSION = YES_AGGRESSIVE;
				CLANG_CXX_LANGUAGE_STANDARD = "gnu++20";
				CLANG_ENABLE_MODULES = YES;
				CLANG_ENABLE_OBJC_ARC = YES;
				CLANG_ENABLE_OBJC_WEAK = YES;
				CLANG_WARN_BLOCK_CAPTURE_AUTORELEASING = YES;
				CLANG_WARN_BOOL_CONVERSION = YES;
				CLANG_WARN_COMMA = YES;
				CLANG_WARN_CONSTANT_CONVERSION = YES;
				CLANG_WARN_DEPRECATED_OBJC_IMPLEMENTATIONS = YES;
				CLANG_WARN_DIRECT_OBJC_ISA_USAGE = YES_ERROR;
				CLANG_WARN_DOCUMENTATION_COMMENTS = YES;
				CLANG_WARN_EMPTY_BODY = YES;
				CLANG_WARN_ENUM_CONVERSION = YES;
				CLANG_WARN_INFINITE_RECURSION = YES;
				CLANG_WARN_INT_CONVERSION = YES;
				CLANG_WARN_NON_LITERAL_NULL_CONVERSION = YES;
				CLANG_WARN_OBJC_IMPLICIT_RETAIN_SELF = YES;
				CLANG_WARN_OBJC_LITERAL_CONVERSION = YES;
				CLANG_WARN_OBJC_ROOT_CLASS = YES_ERROR;
				CLANG_WARN_QUOTED_INCLUDE_IN_FRAMEWORK_HEADER = YES;
				CLANG_WARN_RANGE_LOOP_ANALYSIS = YES;
				CLANG_WARN_STRICT_PROTOTYPES = YES;
				CLANG_WARN_SUSPICIOUS_MOVE = YES;
				CLANG_WARN_UNGUARDED_AVAILABILITY = YES_AGGRESSIVE;
				CLANG_WARN_UNREACHABLE_CODE = YES;
				CLANG_WARN__DUPLICATE_METHOD_MATCH = YES;
				COPY_PHASE_STRIP = NO;
				DEBUG_INFORMATION_FORMAT = "dwarf-with-dsym";
				ENABLE_NS_ASSERTIONS = NO;
				ENABLE_STRICT_OBJC_MSGSEND = YES;
				GCC_C_LANGUAGE_STANDARD = gnu11;
				GCC_NO_COMMON_BLOCKS = YES;
				GCC_WARN_64_TO_32_BIT_CONVERSION = YES;
				GCC_WARN_ABOUT_RETURN_TYPE = YES_ERROR;
				GCC_WARN_UNDECLARED_SELECTOR = YES;
				GCC_WARN_UNINITIALIZED_AUTOS = YES_AGGRESSIVE;
				GCC_WARN_UNUSED_FUNCTION = YES;
				GCC_WARN_UNUSED_VARIABLE = YES;
				IPHONEOS_DEPLOYMENT_TARGET = 16.0;
				MTL_ENABLE_DEBUG_INFO = NO;
				MTL_FAST_MATH = YES;
				SDKROOT = iphoneos;
				SWIFT_COMPILATION_MODE = wholemodule;
				SWIFT_OPTIMIZATION_LEVEL = "-O";
				VALIDATE_PRODUCT = YES;
			};
			name = Release;
		};
		7E9A64DB29104614009D3743 /* Debug */ = {
			isa = XCBuildConfiguration;
			buildSettings = {
				ASSETCATALOG_COMPILER_APPICON_NAME = AppIcon;
				ASSETCATALOG_COMPILER_GLOBAL_ACCENT_COLOR_NAME = AccentColor;
				CODE_SIGN_STYLE = Automatic;
				CURRENT_PROJECT_VERSION = 1;
				DEVELOPMENT_ASSET_PATHS = "\"BeamCounterLVNative/Preview Content\"";
				DEVELOPMENT_TEAM = 7G8Q3Q7367;
				ENABLE_PREVIEWS = YES;
				GENERATE_INFOPLIST_FILE = YES;
				INFOPLIST_KEY_UIApplicationSceneManifest_Generation = YES;
				INFOPLIST_KEY_UIApplicationSupportsIndirectInputEvents = YES;
				INFOPLIST_KEY_UILaunchScreen_Generation = YES;
				INFOPLIST_KEY_UISupportedInterfaceOrientations_iPad = "UIInterfaceOrientationPortrait UIInterfaceOrientationPortraitUpsideDown UIInterfaceOrientationLandscapeLeft UIInterfaceOrientationLandscapeRight";
				INFOPLIST_KEY_UISupportedInterfaceOrientations_iPhone = "UIInterfaceOrientationPortrait UIInterfaceOrientationLandscapeLeft UIInterfaceOrientationLandscapeRight";
				LD_RUNPATH_SEARCH_PATHS = (
					"$(inherited)",
					"@executable_path/Frameworks",
				);
				MARKETING_VERSION = 1.0;
				PRODUCT_BUNDLE_IDENTIFIER = com.example.BeamCounterLVNative;
				PRODUCT_NAME = "$(TARGET_NAME)";
				SWIFT_EMIT_LOC_STRINGS = YES;
				SWIFT_VERSION = 5.0;
				TARGETED_DEVICE_FAMILY = "1,2";
			};
			name = Debug;
		};
		7E9A64DC29104614009D3743 /* Release */ = {
			isa = XCBuildConfiguration;
			buildSettings = {
				ASSETCATALOG_COMPILER_APPICON_NAME = AppIcon;
				ASSETCATALOG_COMPILER_GLOBAL_ACCENT_COLOR_NAME = AccentColor;
				CODE_SIGN_STYLE = Automatic;
				CURRENT_PROJECT_VERSION = 1;
				DEVELOPMENT_ASSET_PATHS = "\"BeamCounterLVNative/Preview Content\"";
				DEVELOPMENT_TEAM = 7G8Q3Q7367;
				ENABLE_PREVIEWS = YES;
				GENERATE_INFOPLIST_FILE = YES;
				INFOPLIST_KEY_UIApplicationSceneManifest_Generation = YES;
				INFOPLIST_KEY_UIApplicationSupportsIndirectInputEvents = YES;
				INFOPLIST_KEY_UILaunchScreen_Generation = YES;
				INFOPLIST_KEY_UISupportedInterfaceOrientations_iPad = "UIInterfaceOrientationPortrait UIInterfaceOrientationPortraitUpsideDown UIInterfaceOrientationLandscapeLeft UIInterfaceOrientationLandscapeRight";
				INFOPLIST_KEY_UISupportedInterfaceOrientations_iPhone = "UIInterfaceOrientationPortrait UIInterfaceOrientationLandscapeLeft UIInterfaceOrientationLandscapeRight";
				LD_RUNPATH_SEARCH_PATHS = (
					"$(inherited)",
					"@executable_path/Frameworks",
				);
				MARKETING_VERSION = 1.0;
				PRODUCT_BUNDLE_IDENTIFIER = com.example.BeamCounterLVNative;
				PRODUCT_NAME = "$(TARGET_NAME)";
				SWIFT_EMIT_LOC_STRINGS = YES;
				SWIFT_VERSION = 5.0;
				TARGETED_DEVICE_FAMILY = "1,2";
			};
			name = Release;
		};
/* End XCBuildConfiguration section */

/* Begin XCConfigurationList section */
		7E9A64C729104613009D3743 /* Build configuration list for PBXProject "BeamCounterLVNative" */ = {
			isa = XCConfigurationList;
			buildConfigurations = (
				7E9A64D829104614009D3743 /* Debug */,
				7E9A64D929104614009D3743 /* Release */,
			);
			defaultConfigurationIsVisible = 0;
			defaultConfigurationName = Release;
		};
		7E9A64DA29104614009D3743 /* Build configuration list for PBXNativeTarget "BeamCounterLVNative" */ = {
			isa = XCConfigurationList;
			buildConfigurations = (
				7E9A64DB29104614009D3743 /* Debug */,
				7E9A64DC29104614009D3743 /* Release */,
			);
			defaultConfigurationIsVisible = 0;
			defaultConfigurationName = Release;
		};
/* End XCConfigurationList section */

/* Begin XCRemoteSwiftPackageReference section */
		7E9A64DD29104649009D3743 /* XCRemoteSwiftPackageReference "liveview-client-swiftui" */ = {
			isa = XCRemoteSwiftPackageReference;
			repositoryURL = "https://github.com/liveviewnative/liveview-client-swiftui";
			requirement = {
				branch = master;
				kind = branch;
			};
		};
/* End XCRemoteSwiftPackageReference section */

/* Begin XCSwiftPackageProductDependency section */
		7E9A64DE29104649009D3743 /* PhoenixLiveViewNative */ = {
			isa = XCSwiftPackageProductDependency;
			package = 7E9A64DD29104649009D3743 /* XCRemoteSwiftPackageReference "liveview-client-swiftui" */;
			productName = PhoenixLiveViewNative;
		};
/* End XCSwiftPackageProductDependency section */
	};
	rootObject = 7E9A64C429104613009D3743 /* Project object */;
}
